{
    "version": 3,
    "terraform_version": "0.11.13",
    "serial": 2,
    "lineage": "31729a6e-f40a-14e3-11ab-5f9f7d525a5b",
    "modules": [
        {
            "path": [
                "root"
            ],
            "outputs": {},
            "resources": {
                "kubernetes_pod.ghost_alpine": {
                    "type": "kubernetes_pod",
                    "depends_on": [],
                    "primary": {
                        "id": "default/ghost-alpine",
                        "attributes": {
                            "id": "default/ghost-alpine",
                            "metadata.#": "1",
                            "metadata.0.annotations.%": "0",
                            "metadata.0.generate_name": "",
                            "metadata.0.generation": "0",
                            "metadata.0.labels.%": "0",
                            "metadata.0.name": "ghost-alpine",
                            "metadata.0.namespace": "default",
                            "metadata.0.resource_version": "2166",
                            "metadata.0.self_link": "/api/v1/namespaces/default/pods/ghost-alpine",
                            "metadata.0.uid": "4a0fecd0-c77a-11e9-8153-027d68a56c34",
                            "spec.#": "1",
                            "spec.0.active_deadline_seconds": "0",
                            "spec.0.affinity.#": "0",
                            "spec.0.automount_service_account_token": "false",
                            "spec.0.container.#": "1",
                            "spec.0.container.0.args.#": "0",
                            "spec.0.container.0.command.#": "0",
                            "spec.0.container.0.env.#": "0",
                            "spec.0.container.0.env_from.#": "0",
                            "spec.0.container.0.image": "ghost:alpine",
                            "spec.0.container.0.image_pull_policy": "IfNotPresent",
                            "spec.0.container.0.lifecycle.#": "0",
                            "spec.0.container.0.liveness_probe.#": "0",
                            "spec.0.container.0.name": "ghost-alpine",
                            "spec.0.container.0.port.#": "0",
                            "spec.0.container.0.readiness_probe.#": "0",
                            "spec.0.container.0.resources.#": "1",
                            "spec.0.container.0.security_context.#": "0",
                            "spec.0.container.0.stdin": "false",
                            "spec.0.container.0.stdin_once": "false",
                            "spec.0.container.0.termination_message_path": "/dev/termination-log",
                            "spec.0.container.0.tty": "false",
                            "spec.0.container.0.volume_mount.#": "0",
                            "spec.0.container.0.working_dir": "",
                            "spec.0.dns_config.#": "0",
                            "spec.0.dns_policy": "ClusterFirst",
                            "spec.0.host_aliases.#": "0",
                            "spec.0.host_ipc": "false",
                            "spec.0.host_network": "true",
                            "spec.0.host_pid": "false",
                            "spec.0.hostname": "",
                            "spec.0.image_pull_secrets.#": "0",
                            "spec.0.init_container.#": "0",
                            "spec.0.node_name": "davboat593c.mylabserver.com",
                            "spec.0.node_selector.%": "0",
                            "spec.0.restart_policy": "Always",
                            "spec.0.security_context.#": "0",
                            "spec.0.service_account_name": "default",
                            "spec.0.share_process_namespace": "false",
                            "spec.0.subdomain": "",
                            "spec.0.termination_grace_period_seconds": "30",
                            "spec.0.toleration.#": "0",
                            "spec.0.volume.#": "0"
                        },
                        "meta": {
                            "e2bfb730-ecaa-11e6-8f88-34363bc7c4c0": {
                                "create": 300000000000,
                                "delete": 300000000000
                            }
                        },
                        "tainted": false
                    },
                    "deposed": [],
                    "provider": "provider.kubernetes"
                }
            },
            "depends_on": []
        }
    ]
}
